
Microsoft Visual Studio Solution File, Format Version 12.00
# Visual Studio Version 17
VisualStudioVersion = 17.5.33530.505
MinimumVisualStudioVersion = 10.0.40219.1
Project("{FAE04EC0-301F-11D3-BF4B-00C04F79EFBC}") = "D17", "D17\D17.csproj", "{630F9F0B-1051-4D91-B382-47668997F184}"
EndProject
Global
	GlobalSection(SolutionConfigurationPlatforms) = preSolution
		Debug|Any CPU = Debug|Any CPU
		Release|Any CPU = Release|Any CPU
	EndGlobalSection
	GlobalSection(ProjectConfigurationPlatforms) = postSolution
		{630F9F0B-1051-4D91-B382-47668997F184}.Debug|Any CPU.ActiveCfg = Debug|Any CPU
		{630F9F0B-1051-4D91-B382-47668997F184}.Debug|Any CPU.Build.0 = Debug|Any CPU
		{630F9F0B-1051-4D91-B382-47668997F184}.Release|Any CPU.ActiveCfg = Release|Any CPU
		{630F9F0B-1051-4D91-B382-47668997F184}.Release|Any CPU.Build.0 = Release|Any CPU
	EndGlobalSection
	GlobalSection(SolutionProperties) = preSolution
		HideSolutionNode = FALSE
	EndGlobalSection
	GlobalSection(ExtensibilityGlobals) = postSolution
		SolutionGuid = {0E20928B-D4F7-4F8F-B652-D6C863D78D35}
	EndGlobalSection
EndGlobal
