
Microsoft Visual Studio Solution File, Format Version 12.00
# Visual Studio Version 17
VisualStudioVersion = 17.5.33530.505
MinimumVisualStudioVersion = 10.0.40219.1
Project("{FAE04EC0-301F-11D3-BF4B-00C04F79EFBC}") = "D25", "D25\D25.csproj", "{D23B67EA-1945-45B8-A0C9-C11EBE53A047}"
EndProject
Global
	GlobalSection(SolutionConfigurationPlatforms) = preSolution
		Debug|Any CPU = Debug|Any CPU
		Release|Any CPU = Release|Any CPU
	EndGlobalSection
	GlobalSection(ProjectConfigurationPlatforms) = postSolution
		{D23B67EA-1945-45B8-A0C9-C11EBE53A047}.Debug|Any CPU.ActiveCfg = Debug|Any CPU
		{D23B67EA-1945-45B8-A0C9-C11EBE53A047}.Debug|Any CPU.Build.0 = Debug|Any CPU
		{D23B67EA-1945-45B8-A0C9-C11EBE53A047}.Release|Any CPU.ActiveCfg = Release|Any CPU
		{D23B67EA-1945-45B8-A0C9-C11EBE53A047}.Release|Any CPU.Build.0 = Release|Any CPU
	EndGlobalSection
	GlobalSection(SolutionProperties) = preSolution
		HideSolutionNode = FALSE
	EndGlobalSection
	GlobalSection(ExtensibilityGlobals) = postSolution
		SolutionGuid = {62AC6E8E-367D-47F9-928A-542B6484FBE6}
	EndGlobalSection
EndGlobal
